
Microsoft Visual Studio Solution File, Format Version 12.00
# Visual Studio Version 17
VisualStudioVersion = 17.1.32328.378
MinimumVisualStudioVersion = 10.0.40219.1
Project("{FAE04EC0-301F-11D3-BF4B-00C04F79EFBC}") = "T6", "T6\T6.csproj", "{DE00362B-3ABD-41E0-88E6-3026D1F60B2C}"
EndProject
Global
	GlobalSection(SolutionConfigurationPlatforms) = preSolution
		Debug|Any CPU = Debug|Any CPU
		Release|Any CPU = Release|Any CPU
	EndGlobalSection
	GlobalSection(ProjectConfigurationPlatforms) = postSolution
		{DE00362B-3ABD-41E0-88E6-3026D1F60B2C}.Debug|Any CPU.ActiveCfg = Debug|Any CPU
		{DE00362B-3ABD-41E0-88E6-3026D1F60B2C}.Debug|Any CPU.Build.0 = Debug|Any CPU
		{DE00362B-3ABD-41E0-88E6-3026D1F60B2C}.Release|Any CPU.ActiveCfg = Release|Any CPU
		{DE00362B-3ABD-41E0-88E6-3026D1F60B2C}.Release|Any CPU.Build.0 = Release|Any CPU
	EndGlobalSection
	GlobalSection(SolutionProperties) = preSolution
		HideSolutionNode = FALSE
	EndGlobalSection
	GlobalSection(ExtensibilityGlobals) = postSolution
		SolutionGuid = {8F606850-49FB-4A32-ABBC-05A2D244A9DC}
	EndGlobalSection
EndGlobal
