
Microsoft Visual Studio Solution File, Format Version 12.00
# Visual Studio Version 17
VisualStudioVersion = 17.1.32328.378
MinimumVisualStudioVersion = 10.0.40219.1
Project("{FAE04EC0-301F-11D3-BF4B-00C04F79EFBC}") = "T1", "T1\T1.csproj", "{BCB5E58B-1FFA-4BEB-B848-FBC956F4671B}"
EndProject
Global
	GlobalSection(SolutionConfigurationPlatforms) = preSolution
		Debug|Any CPU = Debug|Any CPU
		Release|Any CPU = Release|Any CPU
	EndGlobalSection
	GlobalSection(ProjectConfigurationPlatforms) = postSolution
		{BCB5E58B-1FFA-4BEB-B848-FBC956F4671B}.Debug|Any CPU.ActiveCfg = Debug|Any CPU
		{BCB5E58B-1FFA-4BEB-B848-FBC956F4671B}.Debug|Any CPU.Build.0 = Debug|Any CPU
		{BCB5E58B-1FFA-4BEB-B848-FBC956F4671B}.Release|Any CPU.ActiveCfg = Release|Any CPU
		{BCB5E58B-1FFA-4BEB-B848-FBC956F4671B}.Release|Any CPU.Build.0 = Release|Any CPU
	EndGlobalSection
	GlobalSection(SolutionProperties) = preSolution
		HideSolutionNode = FALSE
	EndGlobalSection
	GlobalSection(ExtensibilityGlobals) = postSolution
		SolutionGuid = {5A3A31AF-0146-49FF-B19B-6BE20E0D8404}
	EndGlobalSection
EndGlobal
