
Microsoft Visual Studio Solution File, Format Version 12.00
# Visual Studio Version 17
VisualStudioVersion = 17.1.32328.378
MinimumVisualStudioVersion = 10.0.40219.1
Project("{FAE04EC0-301F-11D3-BF4B-00C04F79EFBC}") = "T5", "T5\T5.csproj", "{9AB42E09-1FEB-4F8B-81C8-CB6DB3CFF247}"
EndProject
Global
	GlobalSection(SolutionConfigurationPlatforms) = preSolution
		Debug|Any CPU = Debug|Any CPU
		Release|Any CPU = Release|Any CPU
	EndGlobalSection
	GlobalSection(ProjectConfigurationPlatforms) = postSolution
		{9AB42E09-1FEB-4F8B-81C8-CB6DB3CFF247}.Debug|Any CPU.ActiveCfg = Debug|Any CPU
		{9AB42E09-1FEB-4F8B-81C8-CB6DB3CFF247}.Debug|Any CPU.Build.0 = Debug|Any CPU
		{9AB42E09-1FEB-4F8B-81C8-CB6DB3CFF247}.Release|Any CPU.ActiveCfg = Release|Any CPU
		{9AB42E09-1FEB-4F8B-81C8-CB6DB3CFF247}.Release|Any CPU.Build.0 = Release|Any CPU
	EndGlobalSection
	GlobalSection(SolutionProperties) = preSolution
		HideSolutionNode = FALSE
	EndGlobalSection
	GlobalSection(ExtensibilityGlobals) = postSolution
		SolutionGuid = {09065EE1-E852-441C-91A8-AE7AFD72D34F}
	EndGlobalSection
EndGlobal
