
Microsoft Visual Studio Solution File, Format Version 12.00
# Visual Studio Version 17
VisualStudioVersion = 17.1.32328.378
MinimumVisualStudioVersion = 10.0.40219.1
Project("{FAE04EC0-301F-11D3-BF4B-00C04F79EFBC}") = "OppilaitostenYhteystiedot", "OppilaitostenYhteystiedot\OppilaitostenYhteystiedot.csproj", "{8872E715-AB58-4746-89A1-E1DD0001CAFA}"
EndProject
Global
	GlobalSection(SolutionConfigurationPlatforms) = preSolution
		Debug|Any CPU = Debug|Any CPU
		Release|Any CPU = Release|Any CPU
	EndGlobalSection
	GlobalSection(ProjectConfigurationPlatforms) = postSolution
		{8872E715-AB58-4746-89A1-E1DD0001CAFA}.Debug|Any CPU.ActiveCfg = Debug|Any CPU
		{8872E715-AB58-4746-89A1-E1DD0001CAFA}.Debug|Any CPU.Build.0 = Debug|Any CPU
		{8872E715-AB58-4746-89A1-E1DD0001CAFA}.Release|Any CPU.ActiveCfg = Release|Any CPU
		{8872E715-AB58-4746-89A1-E1DD0001CAFA}.Release|Any CPU.Build.0 = Release|Any CPU
	EndGlobalSection
	GlobalSection(SolutionProperties) = preSolution
		HideSolutionNode = FALSE
	EndGlobalSection
	GlobalSection(ExtensibilityGlobals) = postSolution
		SolutionGuid = {5F35F78B-832E-4092-9F78-5A57A966076A}
	EndGlobalSection
EndGlobal
