
Microsoft Visual Studio Solution File, Format Version 12.00
# Visual Studio Version 17
VisualStudioVersion = 17.1.32328.378
MinimumVisualStudioVersion = 10.0.40219.1
Project("{FAE04EC0-301F-11D3-BF4B-00C04F79EFBC}") = "T19", "T19\T19.csproj", "{7559D73F-77C6-470B-8E62-115EA7AC89B6}"
EndProject
Global
	GlobalSection(SolutionConfigurationPlatforms) = preSolution
		Debug|Any CPU = Debug|Any CPU
		Release|Any CPU = Release|Any CPU
	EndGlobalSection
	GlobalSection(ProjectConfigurationPlatforms) = postSolution
		{7559D73F-77C6-470B-8E62-115EA7AC89B6}.Debug|Any CPU.ActiveCfg = Debug|Any CPU
		{7559D73F-77C6-470B-8E62-115EA7AC89B6}.Debug|Any CPU.Build.0 = Debug|Any CPU
		{7559D73F-77C6-470B-8E62-115EA7AC89B6}.Release|Any CPU.ActiveCfg = Release|Any CPU
		{7559D73F-77C6-470B-8E62-115EA7AC89B6}.Release|Any CPU.Build.0 = Release|Any CPU
	EndGlobalSection
	GlobalSection(SolutionProperties) = preSolution
		HideSolutionNode = FALSE
	EndGlobalSection
	GlobalSection(ExtensibilityGlobals) = postSolution
		SolutionGuid = {66D8F06E-EA43-4D58-A2B6-18AB5E77066D}
	EndGlobalSection
EndGlobal
