
Microsoft Visual Studio Solution File, Format Version 12.00
# Visual Studio Version 17
VisualStudioVersion = 17.1.32328.378
MinimumVisualStudioVersion = 10.0.40219.1
Project("{FAE04EC0-301F-11D3-BF4B-00C04F79EFBC}") = "T2", "T2\T2.csproj", "{71838131-6300-4FFF-AB0D-6E5294581F69}"
EndProject
Global
	GlobalSection(SolutionConfigurationPlatforms) = preSolution
		Debug|Any CPU = Debug|Any CPU
		Release|Any CPU = Release|Any CPU
	EndGlobalSection
	GlobalSection(ProjectConfigurationPlatforms) = postSolution
		{71838131-6300-4FFF-AB0D-6E5294581F69}.Debug|Any CPU.ActiveCfg = Debug|Any CPU
		{71838131-6300-4FFF-AB0D-6E5294581F69}.Debug|Any CPU.Build.0 = Debug|Any CPU
		{71838131-6300-4FFF-AB0D-6E5294581F69}.Release|Any CPU.ActiveCfg = Release|Any CPU
		{71838131-6300-4FFF-AB0D-6E5294581F69}.Release|Any CPU.Build.0 = Release|Any CPU
	EndGlobalSection
	GlobalSection(SolutionProperties) = preSolution
		HideSolutionNode = FALSE
	EndGlobalSection
	GlobalSection(ExtensibilityGlobals) = postSolution
		SolutionGuid = {EF2E83C5-B444-4A4D-BB5A-14666C5D7869}
	EndGlobalSection
EndGlobal
