
Microsoft Visual Studio Solution File, Format Version 12.00
# Visual Studio Version 17
VisualStudioVersion = 17.1.32328.378
MinimumVisualStudioVersion = 10.0.40219.1
Project("{FAE04EC0-301F-11D3-BF4B-00C04F79EFBC}") = "T7", "T7\T7.csproj", "{C384F943-2D17-49C0-9EBB-98FA9732BEC2}"
EndProject
Global
	GlobalSection(SolutionConfigurationPlatforms) = preSolution
		Debug|Any CPU = Debug|Any CPU
		Release|Any CPU = Release|Any CPU
	EndGlobalSection
	GlobalSection(ProjectConfigurationPlatforms) = postSolution
		{C384F943-2D17-49C0-9EBB-98FA9732BEC2}.Debug|Any CPU.ActiveCfg = Debug|Any CPU
		{C384F943-2D17-49C0-9EBB-98FA9732BEC2}.Debug|Any CPU.Build.0 = Debug|Any CPU
		{C384F943-2D17-49C0-9EBB-98FA9732BEC2}.Release|Any CPU.ActiveCfg = Release|Any CPU
		{C384F943-2D17-49C0-9EBB-98FA9732BEC2}.Release|Any CPU.Build.0 = Release|Any CPU
	EndGlobalSection
	GlobalSection(SolutionProperties) = preSolution
		HideSolutionNode = FALSE
	EndGlobalSection
	GlobalSection(ExtensibilityGlobals) = postSolution
		SolutionGuid = {36B7BF80-6F7C-49FC-8505-11B61383C116}
	EndGlobalSection
EndGlobal
