
Microsoft Visual Studio Solution File, Format Version 12.00
# Visual Studio Version 17
VisualStudioVersion = 17.1.32328.378
MinimumVisualStudioVersion = 10.0.40219.1
Project("{FAE04EC0-301F-11D3-BF4B-00C04F79EFBC}") = "T14", "T14\T14.csproj", "{3FA104AE-D7A7-40C2-B2BD-EB404AEA229B}"
EndProject
Global
	GlobalSection(SolutionConfigurationPlatforms) = preSolution
		Debug|Any CPU = Debug|Any CPU
		Release|Any CPU = Release|Any CPU
	EndGlobalSection
	GlobalSection(ProjectConfigurationPlatforms) = postSolution
		{3FA104AE-D7A7-40C2-B2BD-EB404AEA229B}.Debug|Any CPU.ActiveCfg = Debug|Any CPU
		{3FA104AE-D7A7-40C2-B2BD-EB404AEA229B}.Debug|Any CPU.Build.0 = Debug|Any CPU
		{3FA104AE-D7A7-40C2-B2BD-EB404AEA229B}.Release|Any CPU.ActiveCfg = Release|Any CPU
		{3FA104AE-D7A7-40C2-B2BD-EB404AEA229B}.Release|Any CPU.Build.0 = Release|Any CPU
	EndGlobalSection
	GlobalSection(SolutionProperties) = preSolution
		HideSolutionNode = FALSE
	EndGlobalSection
	GlobalSection(ExtensibilityGlobals) = postSolution
		SolutionGuid = {AB5EBA04-AE9E-44B5-8B4F-D5B0BBCB99E1}
	EndGlobalSection
EndGlobal
