
Microsoft Visual Studio Solution File, Format Version 12.00
# Visual Studio Version 17
VisualStudioVersion = 17.1.32328.378
MinimumVisualStudioVersion = 10.0.40219.1
Project("{FAE04EC0-301F-11D3-BF4B-00C04F79EFBC}") = "T17", "T17\T17.csproj", "{786D2693-9686-4098-9474-8D702517A127}"
EndProject
Global
	GlobalSection(SolutionConfigurationPlatforms) = preSolution
		Debug|Any CPU = Debug|Any CPU
		Release|Any CPU = Release|Any CPU
	EndGlobalSection
	GlobalSection(ProjectConfigurationPlatforms) = postSolution
		{786D2693-9686-4098-9474-8D702517A127}.Debug|Any CPU.ActiveCfg = Debug|Any CPU
		{786D2693-9686-4098-9474-8D702517A127}.Debug|Any CPU.Build.0 = Debug|Any CPU
		{786D2693-9686-4098-9474-8D702517A127}.Release|Any CPU.ActiveCfg = Release|Any CPU
		{786D2693-9686-4098-9474-8D702517A127}.Release|Any CPU.Build.0 = Release|Any CPU
	EndGlobalSection
	GlobalSection(SolutionProperties) = preSolution
		HideSolutionNode = FALSE
	EndGlobalSection
	GlobalSection(ExtensibilityGlobals) = postSolution
		SolutionGuid = {95BF349E-5C9E-4223-AA98-4C7761F2D645}
	EndGlobalSection
EndGlobal
